
Microsoft Visual Studio Solution File, Format Version 12.00
# Visual Studio 14
VisualStudioVersion = 14.0.25420.1
MinimumVisualStudioVersion = 10.0.40219.1
Project("{FAE04EC0-301F-11D3-BF4B-00C04F79EFBC}") = "Lab 1", "Lab 1\Lab 1.csproj", "{52D1CA0D-F34F-4ACA-9B0F-704A5C186243}"
EndProject
Project("{FAE04EC0-301F-11D3-BF4B-00C04F79EFBC}") = "Lab 2", "Lab 2\Lab 2.csproj", "{B7D18B00-22A6-4119-A288-8BFD7725A0B8}"
EndProject
Global
	GlobalSection(SolutionConfigurationPlatforms) = preSolution
		Debug|Any CPU = Debug|Any CPU
		Release|Any CPU = Release|Any CPU
	EndGlobalSection
	GlobalSection(ProjectConfigurationPlatforms) = postSolution
		{52D1CA0D-F34F-4ACA-9B0F-704A5C186243}.Debug|Any CPU.ActiveCfg = Debug|Any CPU
		{52D1CA0D-F34F-4ACA-9B0F-704A5C186243}.Debug|Any CPU.Build.0 = Debug|Any CPU
		{52D1CA0D-F34F-4ACA-9B0F-704A5C186243}.Release|Any CPU.ActiveCfg = Release|Any CPU
		{52D1CA0D-F34F-4ACA-9B0F-704A5C186243}.Release|Any CPU.Build.0 = Release|Any CPU
		{B7D18B00-22A6-4119-A288-8BFD7725A0B8}.Debug|Any CPU.ActiveCfg = Debug|Any CPU
		{B7D18B00-22A6-4119-A288-8BFD7725A0B8}.Debug|Any CPU.Build.0 = Debug|Any CPU
		{B7D18B00-22A6-4119-A288-8BFD7725A0B8}.Release|Any CPU.ActiveCfg = Release|Any CPU
		{B7D18B00-22A6-4119-A288-8BFD7725A0B8}.Release|Any CPU.Build.0 = Release|Any CPU
	EndGlobalSection
	GlobalSection(SolutionProperties) = preSolution
		HideSolutionNode = FALSE
	EndGlobalSection
EndGlobal
